
Microsoft Visual Studio Solution File, Format Version 12.00
# Visual Studio 15
VisualStudioVersion = 15.0.28010.2003
MinimumVisualStudioVersion = 10.0.40219.1
Project("{FAE04EC0-301F-11D3-BF4B-00C04F79EFBC}") = "nosueSwitcher", "nosueSwitcher\nosueSwitcher.csproj", "{AB2D61A2-37F5-4FFB-885F-DE71E1B2A1CE}"
EndProject
Global
	GlobalSection(SolutionConfigurationPlatforms) = preSolution
		Debug|Any CPU = Debug|Any CPU
		Release|Any CPU = Release|Any CPU
	EndGlobalSection
	GlobalSection(ProjectConfigurationPlatforms) = postSolution
		{AB2D61A2-37F5-4FFB-885F-DE71E1B2A1CE}.Debug|Any CPU.ActiveCfg = Debug|Any CPU
		{AB2D61A2-37F5-4FFB-885F-DE71E1B2A1CE}.Debug|Any CPU.Build.0 = Debug|Any CPU
		{AB2D61A2-37F5-4FFB-885F-DE71E1B2A1CE}.Release|Any CPU.ActiveCfg = Release|Any CPU
		{AB2D61A2-37F5-4FFB-885F-DE71E1B2A1CE}.Release|Any CPU.Build.0 = Release|Any CPU
	EndGlobalSection
	GlobalSection(SolutionProperties) = preSolution
		HideSolutionNode = FALSE
	EndGlobalSection
	GlobalSection(ExtensibilityGlobals) = postSolution
		SolutionGuid = {AF383DAA-8C9D-42E8-B5B3-AF5291AC034F}
	EndGlobalSection
EndGlobal
